
Microsoft Visual Studio Solution File, Format Version 12.00
# Visual Studio 15
VisualStudioVersion = 15.0.27428.2015
MinimumVisualStudioVersion = 10.0.40219.1
Project("{FAE04EC0-301F-11D3-BF4B-00C04F79EFBC}") = "Traguis", "Traguis\Traguis.csproj", "{4E75EF0D-1A3A-4E55-9D0A-96ED50634917}"
EndProject
Global
	GlobalSection(SolutionConfigurationPlatforms) = preSolution
		Debug|Any CPU = Debug|Any CPU
		Release|Any CPU = Release|Any CPU
	EndGlobalSection
	GlobalSection(ProjectConfigurationPlatforms) = postSolution
		{4E75EF0D-1A3A-4E55-9D0A-96ED50634917}.Debug|Any CPU.ActiveCfg = Debug|Any CPU
		{4E75EF0D-1A3A-4E55-9D0A-96ED50634917}.Debug|Any CPU.Build.0 = Debug|Any CPU
		{4E75EF0D-1A3A-4E55-9D0A-96ED50634917}.Release|Any CPU.ActiveCfg = Release|Any CPU
		{4E75EF0D-1A3A-4E55-9D0A-96ED50634917}.Release|Any CPU.Build.0 = Release|Any CPU
	EndGlobalSection
	GlobalSection(SolutionProperties) = preSolution
		HideSolutionNode = FALSE
	EndGlobalSection
	GlobalSection(ExtensibilityGlobals) = postSolution
		SolutionGuid = {50416CA6-4EC2-4E44-B57D-60B8F2AA8335}
	EndGlobalSection
EndGlobal
